// !$*UTF8*$!
{
	archiveVersion = 1;
	classes = {
	};
	objectVersion = 56;
	objects = {

/* Begin PBXBuildFile section */
		660E20D52988EEFA00BFC318 /* JobsViewModel.swift in Sources */ = {isa = PBXBuildFile; fileRef = 660E20D42988EEFA00BFC318 /* JobsViewModel.swift */; };
		660E20D82988FEF400BFC318 /* Job.swift in Sources */ = {isa = PBXBuildFile; fileRef = 660E20D72988FEF400BFC318 /* Job.swift */; };
		660E20DA2989096300BFC318 /* NewJobViewController.swift in Sources */ = {isa = PBXBuildFile; fileRef = 660E20D92989096300BFC318 /* NewJobViewController.swift */; };
		660E20DC29890E6800BFC318 /* InitViewModel.swift in Sources */ = {isa = PBXBuildFile; fileRef = 660E20DB29890E6800BFC318 /* InitViewModel.swift */; };
		664B798E2987B44F0065718C /* ExperiencesViewController.swift in Sources */ = {isa = PBXBuildFile; fileRef = 664B798D2987B44F0065718C /* ExperiencesViewController.swift */; };
		668ADB2B2985D27E006EDEC3 /* WelcomeViewController.swift in Sources */ = {isa = PBXBuildFile; fileRef = 668ADB2A2985D27E006EDEC3 /* WelcomeViewController.swift */; };
		668ADB2D2985DC9F006EDEC3 /* SignUp1ViewController.swift in Sources */ = {isa = PBXBuildFile; fileRef = 668ADB2C2985DC9F006EDEC3 /* SignUp1ViewController.swift */; };
		668ADB302985E1DF006EDEC3 /* MyColors.swift in Sources */ = {isa = PBXBuildFile; fileRef = 668ADB2F2985E1DF006EDEC3 /* MyColors.swift */; };
		668ADB332985E684006EDEC3 /* UserModel.swift in Sources */ = {isa = PBXBuildFile; fileRef = 668ADB322985E684006EDEC3 /* UserModel.swift */; };
		668ADB352985FDB2006EDEC3 /* GoogleService-Info.plist in Resources */ = {isa = PBXBuildFile; fileRef = 668ADB342985FDB2006EDEC3 /* GoogleService-Info.plist */; };
		668ADB3829860718006EDEC3 /* FirebaseAnalytics in Frameworks */ = {isa = PBXBuildFile; productRef = 668ADB3729860718006EDEC3 /* FirebaseAnalytics */; };
		668ADB3A29860718006EDEC3 /* FirebaseAnalyticsSwift in Frameworks */ = {isa = PBXBuildFile; productRef = 668ADB3929860718006EDEC3 /* FirebaseAnalyticsSwift */; };
		668ADB3C29860718006EDEC3 /* FirebaseAppCheck in Frameworks */ = {isa = PBXBuildFile; productRef = 668ADB3B29860718006EDEC3 /* FirebaseAppCheck */; };
		668ADB3E29860718006EDEC3 /* FirebaseAuth in Frameworks */ = {isa = PBXBuildFile; productRef = 668ADB3D29860718006EDEC3 /* FirebaseAuth */; };
		668ADB4029860718006EDEC3 /* FirebaseAuthCombine-Community in Frameworks */ = {isa = PBXBuildFile; productRef = 668ADB3F29860718006EDEC3 /* FirebaseAuthCombine-Community */; };
		668ADB4229860718006EDEC3 /* FirebaseCrashlytics in Frameworks */ = {isa = PBXBuildFile; productRef = 668ADB4129860718006EDEC3 /* FirebaseCrashlytics */; };
		668ADB4429860718006EDEC3 /* FirebaseFirestore in Frameworks */ = {isa = PBXBuildFile; productRef = 668ADB4329860718006EDEC3 /* FirebaseFirestore */; };
		668ADB4629860718006EDEC3 /* FirebaseFirestoreCombine-Community in Frameworks */ = {isa = PBXBuildFile; productRef = 668ADB4529860718006EDEC3 /* FirebaseFirestoreCombine-Community */; };
		668ADB4829860718006EDEC3 /* FirebaseFirestoreSwift in Frameworks */ = {isa = PBXBuildFile; productRef = 668ADB4729860718006EDEC3 /* FirebaseFirestoreSwift */; };
		668ADB4A29860718006EDEC3 /* FirebaseStorage in Frameworks */ = {isa = PBXBuildFile; productRef = 668ADB4929860718006EDEC3 /* FirebaseStorage */; };
		668ADB4C29860718006EDEC3 /* FirebaseStorageCombine-Community in Frameworks */ = {isa = PBXBuildFile; productRef = 668ADB4B29860718006EDEC3 /* FirebaseStorageCombine-Community */; };
		668CAC512988786E00EA8DE6 /* Date.swift in Sources */ = {isa = PBXBuildFile; fileRef = 668CAC502988786E00EA8DE6 /* Date.swift */; };
		668CAC5329888CC400EA8DE6 /* RegisterProfileTalViewController.swift in Sources */ = {isa = PBXBuildFile; fileRef = 668CAC5229888CC400EA8DE6 /* RegisterProfileTalViewController.swift */; };
		668CAC5C2988D07F00EA8DE6 /* IT_Talent.xcdatamodeld in Sources */ = {isa = PBXBuildFile; fileRef = 668CAC5A2988D07F00EA8DE6 /* IT_Talent.xcdatamodeld */; };
		6696E47829871F8000437177 /* JobsViewController.swift in Sources */ = {isa = PBXBuildFile; fileRef = 6696E47729871F8000437177 /* JobsViewController.swift */; };
		6696E47A2987201800437177 /* RegisterEnterpriseViewController.swift in Sources */ = {isa = PBXBuildFile; fileRef = 6696E4792987201800437177 /* RegisterEnterpriseViewController.swift */; };
		6696E480298785C500437177 /* SkillsViewController.swift in Sources */ = {isa = PBXBuildFile; fileRef = 6696E47F298785C500437177 /* SkillsViewController.swift */; };
		6696E4822987937C00437177 /* Skills2ViewController.swift in Sources */ = {isa = PBXBuildFile; fileRef = 6696E4812987937C00437177 /* Skills2ViewController.swift */; };
		66A06186298622EE008C5390 /* SignUp2ViewController.swift in Sources */ = {isa = PBXBuildFile; fileRef = 66A06185298622EE008C5390 /* SignUp2ViewController.swift */; };
		66A0618829862829008C5390 /* Arrays.swift in Sources */ = {isa = PBXBuildFile; fileRef = 66A0618729862829008C5390 /* Arrays.swift */; };
		66A0618A29863048008C5390 /* RegisterProfileRecViewController.swift in Sources */ = {isa = PBXBuildFile; fileRef = 66A0618929863048008C5390 /* RegisterProfileRecViewController.swift */; };
		66A0618D2986319F008C5390 /* SignUpViewModel.swift in Sources */ = {isa = PBXBuildFile; fileRef = 66A0618C2986319F008C5390 /* SignUpViewModel.swift */; };
		66B4A9652984D1D70033A10D /* AppDelegate.swift in Sources */ = {isa = PBXBuildFile; fileRef = 66B4A9642984D1D70033A10D /* AppDelegate.swift */; };
		66B4A9672984D1D70033A10D /* SceneDelegate.swift in Sources */ = {isa = PBXBuildFile; fileRef = 66B4A9662984D1D70033A10D /* SceneDelegate.swift */; };
		66B4A9692984D1D70033A10D /* SignInViewController.swift in Sources */ = {isa = PBXBuildFile; fileRef = 66B4A9682984D1D70033A10D /* SignInViewController.swift */; };
		66B4A96C2984D1D70033A10D /* Main.storyboard in Resources */ = {isa = PBXBuildFile; fileRef = 66B4A96A2984D1D70033A10D /* Main.storyboard */; };
		66B4A9712984D1D80033A10D /* Assets.xcassets in Resources */ = {isa = PBXBuildFile; fileRef = 66B4A9702984D1D80033A10D /* Assets.xcassets */; };
		66B4A9742984D1D80033A10D /* LaunchScreen.storyboard in Resources */ = {isa = PBXBuildFile; fileRef = 66B4A9722984D1D80033A10D /* LaunchScreen.storyboard */; };
		66B4A9902984DD400033A10D /* nunitosans_light.ttf in Resources */ = {isa = PBXBuildFile; fileRef = 66B4A9842984DA9E0033A10D /* nunitosans_light.ttf */; };
		66B4A9912984DD600033A10D /* NunitoSans-Regular.ttf in Resources */ = {isa = PBXBuildFile; fileRef = 66B4A98E2984DA9F0033A10D /* NunitoSans-Regular.ttf */; };
		66B4A9922984DD860033A10D /* NunitoSans-SemiBold.ttf in Resources */ = {isa = PBXBuildFile; fileRef = 66B4A98A2984DA9F0033A10D /* NunitoSans-SemiBold.ttf */; };
		66B4A9932984DDBF0033A10D /* NunitoSans-Bold.ttf in Resources */ = {isa = PBXBuildFile; fileRef = 66B4A9872984DA9E0033A10D /* NunitoSans-Bold.ttf */; };
		66B4A9942984DDD80033A10D /* NunitoSansBlack.ttf in Resources */ = {isa = PBXBuildFile; fileRef = 66B4A98B2984DA9F0033A10D /* NunitoSansBlack.ttf */; };
		66B4A99F2984DE130033A10D /* Montserrat-Light.ttf in Resources */ = {isa = PBXBuildFile; fileRef = 66B4A99A2984DE130033A10D /* Montserrat-Light.ttf */; };
		66B4A9A02984DE130033A10D /* Montserrat-SemiBold.ttf in Resources */ = {isa = PBXBuildFile; fileRef = 66B4A99B2984DE130033A10D /* Montserrat-SemiBold.ttf */; };
		66B4A9A12984DE130033A10D /* Montserrat-Regular.ttf in Resources */ = {isa = PBXBuildFile; fileRef = 66B4A99C2984DE130033A10D /* Montserrat-Regular.ttf */; };
		66B4A9A22984DE130033A10D /* Montserrat-Medium.ttf in Resources */ = {isa = PBXBuildFile; fileRef = 66B4A99D2984DE130033A10D /* Montserrat-Medium.ttf */; };
		66B4A9A32984DE130033A10D /* Montserrat-Bold.ttf in Resources */ = {isa = PBXBuildFile; fileRef = 66B4A99E2984DE130033A10D /* Montserrat-Bold.ttf */; };
/* End PBXBuildFile section */

/* Begin PBXFileReference section */
		660E20D42988EEFA00BFC318 /* JobsViewModel.swift */ = {isa = PBXFileReference; lastKnownFileType = sourcecode.swift; path = JobsViewModel.swift; sourceTree = "<group>"; };
		660E20D72988FEF400BFC318 /* Job.swift */ = {isa = PBXFileReference; lastKnownFileType = sourcecode.swift; path = Job.swift; sourceTree = "<group>"; };
		660E20D92989096300BFC318 /* NewJobViewController.swift */ = {isa = PBXFileReference; lastKnownFileType = sourcecode.swift; path = NewJobViewController.swift; sourceTree = "<group>"; };
		660E20DB29890E6800BFC318 /* InitViewModel.swift */ = {isa = PBXFileReference; lastKnownFileType = sourcecode.swift; path = InitViewModel.swift; sourceTree = "<group>"; };
		664B798D2987B44F0065718C /* ExperiencesViewController.swift */ = {isa = PBXFileReference; lastKnownFileType = sourcecode.swift; path = ExperiencesViewController.swift; sourceTree = "<group>"; };
		668ADB2A2985D27E006EDEC3 /* WelcomeViewController.swift */ = {isa = PBXFileReference; lastKnownFileType = sourcecode.swift; path = WelcomeViewController.swift; sourceTree = "<group>"; };
		668ADB2C2985DC9F006EDEC3 /* SignUp1ViewController.swift */ = {isa = PBXFileReference; lastKnownFileType = sourcecode.swift; path = SignUp1ViewController.swift; sourceTree = "<group>"; };
		668ADB2F2985E1DF006EDEC3 /* MyColors.swift */ = {isa = PBXFileReference; lastKnownFileType = sourcecode.swift; path = MyColors.swift; sourceTree = "<group>"; };
		668ADB322985E684006EDEC3 /* UserModel.swift */ = {isa = PBXFileReference; lastKnownFileType = sourcecode.swift; path = UserModel.swift; sourceTree = "<group>"; };
		668ADB342985FDB2006EDEC3 /* GoogleService-Info.plist */ = {isa = PBXFileReference; fileEncoding = 4; lastKnownFileType = text.plist.xml; path = "GoogleService-Info.plist"; sourceTree = "<group>"; };
		668CAC502988786E00EA8DE6 /* Date.swift */ = {isa = PBXFileReference; lastKnownFileType = sourcecode.swift; path = Date.swift; sourceTree = "<group>"; };
		668CAC5229888CC400EA8DE6 /* RegisterProfileTalViewController.swift */ = {isa = PBXFileReference; lastKnownFileType = sourcecode.swift; path = RegisterProfileTalViewController.swift; sourceTree = "<group>"; };
		668CAC5B2988D07F00EA8DE6 /* IT_Talent.xcdatamodel */ = {isa = PBXFileReference; lastKnownFileType = wrapper.xcdatamodel; path = IT_Talent.xcdatamodel; sourceTree = "<group>"; };
		6696E47729871F8000437177 /* JobsViewController.swift */ = {isa = PBXFileReference; lastKnownFileType = sourcecode.swift; path = JobsViewController.swift; sourceTree = "<group>"; };
		6696E4792987201800437177 /* RegisterEnterpriseViewController.swift */ = {isa = PBXFileReference; lastKnownFileType = sourcecode.swift; path = RegisterEnterpriseViewController.swift; sourceTree = "<group>"; };
		6696E47F298785C500437177 /* SkillsViewController.swift */ = {isa = PBXFileReference; lastKnownFileType = sourcecode.swift; path = SkillsViewController.swift; sourceTree = "<group>"; };
		6696E4812987937C00437177 /* Skills2ViewController.swift */ = {isa = PBXFileReference; lastKnownFileType = sourcecode.swift; path = Skills2ViewController.swift; sourceTree = "<group>"; };
		66A06185298622EE008C5390 /* SignUp2ViewController.swift */ = {isa = PBXFileReference; lastKnownFileType = sourcecode.swift; path = SignUp2ViewController.swift; sourceTree = "<group>"; };
		66A0618729862829008C5390 /* Arrays.swift */ = {isa = PBXFileReference; lastKnownFileType = sourcecode.swift; path = Arrays.swift; sourceTree = "<group>"; };
		66A0618929863048008C5390 /* RegisterProfileRecViewController.swift */ = {isa = PBXFileReference; lastKnownFileType = sourcecode.swift; path = RegisterProfileRecViewController.swift; sourceTree = "<group>"; };
		66A0618C2986319F008C5390 /* SignUpViewModel.swift */ = {isa = PBXFileReference; lastKnownFileType = sourcecode.swift; path = SignUpViewModel.swift; sourceTree = "<group>"; };
		66B4A9612984D1D70033A10D /* IT Talent.app */ = {isa = PBXFileReference; explicitFileType = wrapper.application; includeInIndex = 0; path = "IT Talent.app"; sourceTree = BUILT_PRODUCTS_DIR; };
		66B4A9642984D1D70033A10D /* AppDelegate.swift */ = {isa = PBXFileReference; lastKnownFileType = sourcecode.swift; path = AppDelegate.swift; sourceTree = "<group>"; };
		66B4A9662984D1D70033A10D /* SceneDelegate.swift */ = {isa = PBXFileReference; lastKnownFileType = sourcecode.swift; path = SceneDelegate.swift; sourceTree = "<group>"; };
		66B4A9682984D1D70033A10D /* SignInViewController.swift */ = {isa = PBXFileReference; lastKnownFileType = sourcecode.swift; path = SignInViewController.swift; sourceTree = "<group>"; };
		66B4A96B2984D1D70033A10D /* Base */ = {isa = PBXFileReference; lastKnownFileType = file.storyboard; name = Base; path = Base.lproj/Main.storyboard; sourceTree = "<group>"; };
		66B4A9702984D1D80033A10D /* Assets.xcassets */ = {isa = PBXFileReference; lastKnownFileType = folder.assetcatalog; path = Assets.xcassets; sourceTree = "<group>"; };
		66B4A9732984D1D80033A10D /* Base */ = {isa = PBXFileReference; lastKnownFileType = file.storyboard; name = Base; path = Base.lproj/LaunchScreen.storyboard; sourceTree = "<group>"; };
		66B4A9752984D1D80033A10D /* Info.plist */ = {isa = PBXFileReference; lastKnownFileType = text.plist.xml; path = Info.plist; sourceTree = "<group>"; };
		66B4A9842984DA9E0033A10D /* nunitosans_light.ttf */ = {isa = PBXFileReference; lastKnownFileType = file; path = nunitosans_light.ttf; sourceTree = "<group>"; };
		66B4A9872984DA9E0033A10D /* NunitoSans-Bold.ttf */ = {isa = PBXFileReference; lastKnownFileType = file; path = "NunitoSans-Bold.ttf"; sourceTree = "<group>"; };
		66B4A98A2984DA9F0033A10D /* NunitoSans-SemiBold.ttf */ = {isa = PBXFileReference; lastKnownFileType = file; path = "NunitoSans-SemiBold.ttf"; sourceTree = "<group>"; };
		66B4A98B2984DA9F0033A10D /* NunitoSansBlack.ttf */ = {isa = PBXFileReference; lastKnownFileType = file; path = NunitoSansBlack.ttf; sourceTree = "<group>"; };
		66B4A98E2984DA9F0033A10D /* NunitoSans-Regular.ttf */ = {isa = PBXFileReference; lastKnownFileType = file; path = "NunitoSans-Regular.ttf"; sourceTree = "<group>"; };
		66B4A99A2984DE130033A10D /* Montserrat-Light.ttf */ = {isa = PBXFileReference; lastKnownFileType = file; path = "Montserrat-Light.ttf"; sourceTree = "<group>"; };
		66B4A99B2984DE130033A10D /* Montserrat-SemiBold.ttf */ = {isa = PBXFileReference; lastKnownFileType = file; path = "Montserrat-SemiBold.ttf"; sourceTree = "<group>"; };
		66B4A99C2984DE130033A10D /* Montserrat-Regular.ttf */ = {isa = PBXFileReference; lastKnownFileType = file; path = "Montserrat-Regular.ttf"; sourceTree = "<group>"; };
		66B4A99D2984DE130033A10D /* Montserrat-Medium.ttf */ = {isa = PBXFileReference; lastKnownFileType = file; path = "Montserrat-Medium.ttf"; sourceTree = "<group>"; };
		66B4A99E2984DE130033A10D /* Montserrat-Bold.ttf */ = {isa = PBXFileReference; lastKnownFileType = file; path = "Montserrat-Bold.ttf"; sourceTree = "<group>"; };
/* End PBXFileReference section */

/* Begin PBXFrameworksBuildPhase section */
		66B4A95E2984D1D70033A10D /* Frameworks */ = {
			isa = PBXFrameworksBuildPhase;
			buildActionMask = 2147483647;
			files = (
				668ADB3C29860718006EDEC3 /* FirebaseAppCheck in Frameworks */,
				668ADB4029860718006EDEC3 /* FirebaseAuthCombine-Community in Frameworks */,
				668ADB3E29860718006EDEC3 /* FirebaseAuth in Frameworks */,
				668ADB4629860718006EDEC3 /* FirebaseFirestoreCombine-Community in Frameworks */,
				668ADB4229860718006EDEC3 /* FirebaseCrashlytics in Frameworks */,
				668ADB4829860718006EDEC3 /* FirebaseFirestoreSwift in Frameworks */,
				668ADB3A29860718006EDEC3 /* FirebaseAnalyticsSwift in Frameworks */,
				668ADB4429860718006EDEC3 /* FirebaseFirestore in Frameworks */,
				668ADB4A29860718006EDEC3 /* FirebaseStorage in Frameworks */,
				668ADB3829860718006EDEC3 /* FirebaseAnalytics in Frameworks */,
				668ADB4C29860718006EDEC3 /* FirebaseStorageCombine-Community in Frameworks */,
			);
			runOnlyForDeploymentPostprocessing = 0;
		};
/* End PBXFrameworksBuildPhase section */

/* Begin PBXGroup section */
		660E20D62988FED500BFC318 /* Model */ = {
			isa = PBXGroup;
			children = (
				660E20D72988FEF400BFC318 /* Job.swift */,
			);
			path = Model;
			sourceTree = "<group>";
		};
		668ADB272985D232006EDEC3 /* Authentication */ = {
			isa = PBXGroup;
			children = (
				668ADB312985E675006EDEC3 /* Model */,
				668ADB292985D247006EDEC3 /* SignIn */,
				668ADB282985D241006EDEC3 /* SignUp */,
				668ADB2A2985D27E006EDEC3 /* WelcomeViewController.swift */,
				668ADB2E2985E1C7006EDEC3 /* Utils */,
			);
			path = Authentication;
			sourceTree = "<group>";
		};
		668ADB282985D241006EDEC3 /* SignUp */ = {
			isa = PBXGroup;
			children = (
				6696E47C2987526100437177 /* RegisterTalent */,
				6696E47B2987524900437177 /* RegisterRecruiter */,
				66A0618B29863159008C5390 /* ViewModel */,
				668ADB2C2985DC9F006EDEC3 /* SignUp1ViewController.swift */,
			);
			path = SignUp;
			sourceTree = "<group>";
		};
		668ADB292985D247006EDEC3 /* SignIn */ = {
			isa = PBXGroup;
			children = (
				66B4A9682984D1D70033A10D /* SignInViewController.swift */,
			);
			path = SignIn;
			sourceTree = "<group>";
		};
		668ADB2E2985E1C7006EDEC3 /* Utils */ = {
			isa = PBXGroup;
			children = (
				668ADB2F2985E1DF006EDEC3 /* MyColors.swift */,
				66A0618729862829008C5390 /* Arrays.swift */,
				668CAC502988786E00EA8DE6 /* Date.swift */,
			);
			path = Utils;
			sourceTree = "<group>";
		};
		668ADB312985E675006EDEC3 /* Model */ = {
			isa = PBXGroup;
			children = (
				668ADB322985E684006EDEC3 /* UserModel.swift */,
			);
			path = Model;
			sourceTree = "<group>";
		};
		668CAC612988D18B00EA8DE6 /* ViewModel */ = {
			isa = PBXGroup;
			children = (
				660E20D42988EEFA00BFC318 /* JobsViewModel.swift */,
			);
			path = ViewModel;
			sourceTree = "<group>";
		};
		6696E47629871F1200437177 /* Jobs */ = {
			isa = PBXGroup;
			children = (
				660E20D62988FED500BFC318 /* Model */,
				668CAC612988D18B00EA8DE6 /* ViewModel */,
				6696E47729871F8000437177 /* JobsViewController.swift */,
				660E20D92989096300BFC318 /* NewJobViewController.swift */,
			);
			path = Jobs;
			sourceTree = "<group>";
		};
		6696E47B2987524900437177 /* RegisterRecruiter */ = {
			isa = PBXGroup;
			children = (
				6696E4792987201800437177 /* RegisterEnterpriseViewController.swift */,
				66A0618929863048008C5390 /* RegisterProfileRecViewController.swift */,
			);
			path = RegisterRecruiter;
			sourceTree = "<group>";
		};
		6696E47C2987526100437177 /* RegisterTalent */ = {
			isa = PBXGroup;
			children = (
				66A06185298622EE008C5390 /* SignUp2ViewController.swift */,
				6696E47F298785C500437177 /* SkillsViewController.swift */,
				6696E4812987937C00437177 /* Skills2ViewController.swift */,
				664B798D2987B44F0065718C /* ExperiencesViewController.swift */,
				668CAC5229888CC400EA8DE6 /* RegisterProfileTalViewController.swift */,
			);
			path = RegisterTalent;
			sourceTree = "<group>";
		};
		66A0618B29863159008C5390 /* ViewModel */ = {
			isa = PBXGroup;
			children = (
				66A0618C2986319F008C5390 /* SignUpViewModel.swift */,
				660E20DB29890E6800BFC318 /* InitViewModel.swift */,
			);
			path = ViewModel;
			sourceTree = "<group>";
		};
		66B4A9582984D1D70033A10D = {
			isa = PBXGroup;
			children = (
				66B4A9632984D1D70033A10D /* IT Talent */,
				66B4A9622984D1D70033A10D /* Products */,
			);
			sourceTree = "<group>";
		};
		66B4A9622984D1D70033A10D /* Products */ = {
			isa = PBXGroup;
			children = (
				66B4A9612984D1D70033A10D /* IT Talent.app */,
			);
			name = Products;
			sourceTree = "<group>";
		};
		66B4A9632984D1D70033A10D /* IT Talent */ = {
			isa = PBXGroup;
			children = (
				668CAC5A2988D07F00EA8DE6 /* IT_Talent.xcdatamodeld */,
				66B4A9642984D1D70033A10D /* AppDelegate.swift */,
				66B4A9662984D1D70033A10D /* SceneDelegate.swift */,
				6696E47629871F1200437177 /* Jobs */,
				668ADB272985D232006EDEC3 /* Authentication */,
				66B4A96A2984D1D70033A10D /* Main.storyboard */,
				66B4A9722984D1D80033A10D /* LaunchScreen.storyboard */,
				66B4A97B2984D5EA0033A10D /* Main */,
				66B4A9702984D1D80033A10D /* Assets.xcassets */,
				66B4A9752984D1D80033A10D /* Info.plist */,
				668ADB342985FDB2006EDEC3 /* GoogleService-Info.plist */,
				66B4A97F2984DA6D0033A10D /* Resources */,
			);
			path = "IT Talent";
			sourceTree = "<group>";
		};
		66B4A97B2984D5EA0033A10D /* Main */ = {
			isa = PBXGroup;
			children = (
				66B4A97E2984D60C0033A10D /* ViewModel */,
				66B4A97D2984D6050033A10D /* View */,
				66B4A97C2984D5FB0033A10D /* Model */,
			);
			path = Main;
			sourceTree = "<group>";
		};
		66B4A97C2984D5FB0033A10D /* Model */ = {
			isa = PBXGroup;
			children = (
			);
			path = Model;
			sourceTree = "<group>";
		};
		66B4A97D2984D6050033A10D /* View */ = {
			isa = PBXGroup;
			children = (
			);
			path = View;
			sourceTree = "<group>";
		};
		66B4A97E2984D60C0033A10D /* ViewModel */ = {
			isa = PBXGroup;
			children = (
			);
			path = ViewModel;
			sourceTree = "<group>";
		};
		66B4A97F2984DA6D0033A10D /* Resources */ = {
			isa = PBXGroup;
			children = (
				66B4A9802984DA7C0033A10D /* Fonts */,
			);
			path = Resources;
			sourceTree = "<group>";
		};
		66B4A9802984DA7C0033A10D /* Fonts */ = {
			isa = PBXGroup;
			children = (
				66B4A99E2984DE130033A10D /* Montserrat-Bold.ttf */,
				66B4A99A2984DE130033A10D /* Montserrat-Light.ttf */,
				66B4A99D2984DE130033A10D /* Montserrat-Medium.ttf */,
				66B4A99C2984DE130033A10D /* Montserrat-Regular.ttf */,
				66B4A99B2984DE130033A10D /* Montserrat-SemiBold.ttf */,
				66B4A98B2984DA9F0033A10D /* NunitoSansBlack.ttf */,
				66B4A9872984DA9E0033A10D /* NunitoSans-Bold.ttf */,
				66B4A9842984DA9E0033A10D /* nunitosans_light.ttf */,
				66B4A98E2984DA9F0033A10D /* NunitoSans-Regular.ttf */,
				66B4A98A2984DA9F0033A10D /* NunitoSans-SemiBold.ttf */,
			);
			path = Fonts;
			sourceTree = "<group>";
		};
/* End PBXGroup section */

/* Begin PBXNativeTarget section */
		66B4A9602984D1D70033A10D /* IT Talent */ = {
			isa = PBXNativeTarget;
			buildConfigurationList = 66B4A9782984D1D80033A10D /* Build configuration list for PBXNativeTarget "IT Talent" */;
			buildPhases = (
				66B4A95D2984D1D70033A10D /* Sources */,
				66B4A95E2984D1D70033A10D /* Frameworks */,
				66B4A95F2984D1D70033A10D /* Resources */,
			);
			buildRules = (
			);
			dependencies = (
			);
			name = "IT Talent";
			packageProductDependencies = (
				668ADB3729860718006EDEC3 /* FirebaseAnalytics */,
				668ADB3929860718006EDEC3 /* FirebaseAnalyticsSwift */,
				668ADB3B29860718006EDEC3 /* FirebaseAppCheck */,
				668ADB3D29860718006EDEC3 /* FirebaseAuth */,
				668ADB3F29860718006EDEC3 /* FirebaseAuthCombine-Community */,
				668ADB4129860718006EDEC3 /* FirebaseCrashlytics */,
				668ADB4329860718006EDEC3 /* FirebaseFirestore */,
				668ADB4529860718006EDEC3 /* FirebaseFirestoreCombine-Community */,
				668ADB4729860718006EDEC3 /* FirebaseFirestoreSwift */,
				668ADB4929860718006EDEC3 /* FirebaseStorage */,
				668ADB4B29860718006EDEC3 /* FirebaseStorageCombine-Community */,
			);
			productName = "IT Talent";
			productReference = 66B4A9612984D1D70033A10D /* IT Talent.app */;
			productType = "com.apple.product-type.application";
		};
/* End PBXNativeTarget section */

/* Begin PBXProject section */
		66B4A9592984D1D70033A10D /* Project object */ = {
			isa = PBXProject;
			attributes = {
				BuildIndependentTargetsInParallel = 1;
				LastSwiftUpdateCheck = 1400;
				LastUpgradeCheck = 1400;
				TargetAttributes = {
					66B4A9602984D1D70033A10D = {
						CreatedOnToolsVersion = 14.0;
					};
				};
			};
			buildConfigurationList = 66B4A95C2984D1D70033A10D /* Build configuration list for PBXProject "IT Talent" */;
			compatibilityVersion = "Xcode 14.0";
			developmentRegion = en;
			hasScannedForEncodings = 0;
			knownRegions = (
				en,
				Base,
			);
			mainGroup = 66B4A9582984D1D70033A10D;
			packageReferences = (
				668ADB3629860718006EDEC3 /* XCRemoteSwiftPackageReference "firebase-ios-sdk" */,
			);
			productRefGroup = 66B4A9622984D1D70033A10D /* Products */;
			projectDirPath = "";
			projectRoot = "";
			targets = (
				66B4A9602984D1D70033A10D /* IT Talent */,
			);
		};
/* End PBXProject section */

/* Begin PBXResourcesBuildPhase section */
		66B4A95F2984D1D70033A10D /* Resources */ = {
			isa = PBXResourcesBuildPhase;
			buildActionMask = 2147483647;
			files = (
				66B4A9742984D1D80033A10D /* LaunchScreen.storyboard in Resources */,
				66B4A9A12984DE130033A10D /* Montserrat-Regular.ttf in Resources */,
				66B4A9932984DDBF0033A10D /* NunitoSans-Bold.ttf in Resources */,
				66B4A9902984DD400033A10D /* nunitosans_light.ttf in Resources */,
				66B4A9A32984DE130033A10D /* Montserrat-Bold.ttf in Resources */,
				66B4A99F2984DE130033A10D /* Montserrat-Light.ttf in Resources */,
				66B4A9A02984DE130033A10D /* Montserrat-SemiBold.ttf in Resources */,
				66B4A9912984DD600033A10D /* NunitoSans-Regular.ttf in Resources */,
				66B4A9922984DD860033A10D /* NunitoSans-SemiBold.ttf in Resources */,
				66B4A9712984D1D80033A10D /* Assets.xcassets in Resources */,
				66B4A9942984DDD80033A10D /* NunitoSansBlack.ttf in Resources */,
				66B4A9A22984DE130033A10D /* Montserrat-Medium.ttf in Resources */,
				66B4A96C2984D1D70033A10D /* Main.storyboard in Resources */,
				668ADB352985FDB2006EDEC3 /* GoogleService-Info.plist in Resources */,
			);
			runOnlyForDeploymentPostprocessing = 0;
		};
/* End PBXResourcesBuildPhase section */

/* Begin PBXSourcesBuildPhase section */
		66B4A95D2984D1D70033A10D /* Sources */ = {
			isa = PBXSourcesBuildPhase;
			buildActionMask = 2147483647;
			files = (
				660E20DC29890E6800BFC318 /* InitViewModel.swift in Sources */,
				660E20D52988EEFA00BFC318 /* JobsViewModel.swift in Sources */,
				668ADB2D2985DC9F006EDEC3 /* SignUp1ViewController.swift in Sources */,
				66B4A9692984D1D70033A10D /* SignInViewController.swift in Sources */,
				668ADB332985E684006EDEC3 /* UserModel.swift in Sources */,
				668ADB2B2985D27E006EDEC3 /* WelcomeViewController.swift in Sources */,
				660E20DA2989096300BFC318 /* NewJobViewController.swift in Sources */,
				66A06186298622EE008C5390 /* SignUp2ViewController.swift in Sources */,
				66B4A9652984D1D70033A10D /* AppDelegate.swift in Sources */,
				668CAC5C2988D07F00EA8DE6 /* IT_Talent.xcdatamodeld in Sources */,
				6696E480298785C500437177 /* SkillsViewController.swift in Sources */,
				668CAC512988786E00EA8DE6 /* Date.swift in Sources */,
				66A0618A29863048008C5390 /* RegisterProfileRecViewController.swift in Sources */,
				664B798E2987B44F0065718C /* ExperiencesViewController.swift in Sources */,
				6696E47829871F8000437177 /* JobsViewController.swift in Sources */,
				668ADB302985E1DF006EDEC3 /* MyColors.swift in Sources */,
				6696E47A2987201800437177 /* RegisterEnterpriseViewController.swift in Sources */,
				6696E4822987937C00437177 /* Skills2ViewController.swift in Sources */,
				66B4A9672984D1D70033A10D /* SceneDelegate.swift in Sources */,
				66A0618D2986319F008C5390 /* SignUpViewModel.swift in Sources */,
				668CAC5329888CC400EA8DE6 /* RegisterProfileTalViewController.swift in Sources */,
				660E20D82988FEF400BFC318 /* Job.swift in Sources */,
				66A0618829862829008C5390 /* Arrays.swift in Sources */,
			);
			runOnlyForDeploymentPostprocessing = 0;
		};
/* End PBXSourcesBuildPhase section */

/* Begin PBXVariantGroup section */
		66B4A96A2984D1D70033A10D /* Main.storyboard */ = {
			isa = PBXVariantGroup;
			children = (
				66B4A96B2984D1D70033A10D /* Base */,
			);
			name = Main.storyboard;
			sourceTree = "<group>";
		};
		66B4A9722984D1D80033A10D /* LaunchScreen.storyboard */ = {
			isa = PBXVariantGroup;
			children = (
				66B4A9732984D1D80033A10D /* Base */,
			);
			name = LaunchScreen.storyboard;
			sourceTree = "<group>";
		};
/* End PBXVariantGroup section */

/* Begin XCBuildConfiguration section */
		66B4A9762984D1D80033A10D /* Debug */ = {
			isa = XCBuildConfiguration;
			buildSettings = {
				ALWAYS_SEARCH_USER_PATHS = NO;
				CLANG_ANALYZER_NONNULL = YES;
				CLANG_ANALYZER_NUMBER_OBJECT_CONVERSION = YES_AGGRESSIVE;
				CLANG_CXX_LANGUAGE_STANDARD = "gnu++20";
				CLANG_ENABLE_MODULES = YES;
				CLANG_ENABLE_OBJC_ARC = YES;
				CLANG_ENABLE_OBJC_WEAK = YES;
				CLANG_WARN_BLOCK_CAPTURE_AUTORELEASING = YES;
				CLANG_WARN_BOOL_CONVERSION = YES;
				CLANG_WARN_COMMA = YES;
				CLANG_WARN_CONSTANT_CONVERSION = YES;
				CLANG_WARN_DEPRECATED_OBJC_IMPLEMENTATIONS = YES;
				CLANG_WARN_DIRECT_OBJC_ISA_USAGE = YES_ERROR;
				CLANG_WARN_DOCUMENTATION_COMMENTS = YES;
				CLANG_WARN_EMPTY_BODY = YES;
				CLANG_WARN_ENUM_CONVERSION = YES;
				CLANG_WARN_INFINITE_RECURSION = YES;
				CLANG_WARN_INT_CONVERSION = YES;
				CLANG_WARN_NON_LITERAL_NULL_CONVERSION = YES;
				CLANG_WARN_OBJC_IMPLICIT_RETAIN_SELF = YES;
				CLANG_WARN_OBJC_LITERAL_CONVERSION = YES;
				CLANG_WARN_OBJC_ROOT_CLASS = YES_ERROR;
				CLANG_WARN_QUOTED_INCLUDE_IN_FRAMEWORK_HEADER = YES;
				CLANG_WARN_RANGE_LOOP_ANALYSIS = YES;
				CLANG_WARN_STRICT_PROTOTYPES = YES;
				CLANG_WARN_SUSPICIOUS_MOVE = YES;
				CLANG_WARN_UNGUARDED_AVAILABILITY = YES_AGGRESSIVE;
				CLANG_WARN_UNREACHABLE_CODE = YES;
				CLANG_WARN__DUPLICATE_METHOD_MATCH = YES;
				COPY_PHASE_STRIP = NO;
				DEBUG_INFORMATION_FORMAT = dwarf;
				ENABLE_STRICT_OBJC_MSGSEND = YES;
				ENABLE_TESTABILITY = YES;
				GCC_C_LANGUAGE_STANDARD = gnu11;
				GCC_DYNAMIC_NO_PIC = NO;
				GCC_NO_COMMON_BLOCKS = YES;
				GCC_OPTIMIZATION_LEVEL = 0;
				GCC_PREPROCESSOR_DEFINITIONS = (
					"DEBUG=1",
					"$(inherited)",
				);
				GCC_WARN_64_TO_32_BIT_CONVERSION = YES;
				GCC_WARN_ABOUT_RETURN_TYPE = YES_ERROR;
				GCC_WARN_UNDECLARED_SELECTOR = YES;
				GCC_WARN_UNINITIALIZED_AUTOS = YES_AGGRESSIVE;
				GCC_WARN_UNUSED_FUNCTION = YES;
				GCC_WARN_UNUSED_VARIABLE = YES;
				IPHONEOS_DEPLOYMENT_TARGET = 16.0;
				MTL_ENABLE_DEBUG_INFO = INCLUDE_SOURCE;
				MTL_FAST_MATH = YES;
				ONLY_ACTIVE_ARCH = YES;
				SDKROOT = iphoneos;
				SWIFT_ACTIVE_COMPILATION_CONDITIONS = DEBUG;
				SWIFT_OPTIMIZATION_LEVEL = "-Onone";
			};
			name = Debug;
		};
		66B4A9772984D1D80033A10D /* Release */ = {
			isa = XCBuildConfiguration;
			buildSettings = {
				ALWAYS_SEARCH_USER_PATHS = NO;
				CLANG_ANALYZER_NONNULL = YES;
				CLANG_ANALYZER_NUMBER_OBJECT_CONVERSION = YES_AGGRESSIVE;
				CLANG_CXX_LANGUAGE_STANDARD = "gnu++20";
				CLANG_ENABLE_MODULES = YES;
				CLANG_ENABLE_OBJC_ARC = YES;
				CLANG_ENABLE_OBJC_WEAK = YES;
				CLANG_WARN_BLOCK_CAPTURE_AUTORELEASING = YES;
				CLANG_WARN_BOOL_CONVERSION = YES;
				CLANG_WARN_COMMA = YES;
				CLANG_WARN_CONSTANT_CONVERSION = YES;
				CLANG_WARN_DEPRECATED_OBJC_IMPLEMENTATIONS = YES;
				CLANG_WARN_DIRECT_OBJC_ISA_USAGE = YES_ERROR;
				CLANG_WARN_DOCUMENTATION_COMMENTS = YES;
				CLANG_WARN_EMPTY_BODY = YES;
				CLANG_WARN_ENUM_CONVERSION = YES;
				CLANG_WARN_INFINITE_RECURSION = YES;
				CLANG_WARN_INT_CONVERSION = YES;
				CLANG_WARN_NON_LITERAL_NULL_CONVERSION = YES;
				CLANG_WARN_OBJC_IMPLICIT_RETAIN_SELF = YES;
				CLANG_WARN_OBJC_LITERAL_CONVERSION = YES;
				CLANG_WARN_OBJC_ROOT_CLASS = YES_ERROR;
				CLANG_WARN_QUOTED_INCLUDE_IN_FRAMEWORK_HEADER = YES;
				CLANG_WARN_RANGE_LOOP_ANALYSIS = YES;
				CLANG_WARN_STRICT_PROTOTYPES = YES;
				CLANG_WARN_SUSPICIOUS_MOVE = YES;
				CLANG_WARN_UNGUARDED_AVAILABILITY = YES_AGGRESSIVE;
				CLANG_WARN_UNREACHABLE_CODE = YES;
				CLANG_WARN__DUPLICATE_METHOD_MATCH = YES;
				COPY_PHASE_STRIP = NO;
				DEBUG_INFORMATION_FORMAT = "dwarf-with-dsym";
				ENABLE_NS_ASSERTIONS = NO;
				ENABLE_STRICT_OBJC_MSGSEND = YES;
				GCC_C_LANGUAGE_STANDARD = gnu11;
				GCC_NO_COMMON_BLOCKS = YES;
				GCC_WARN_64_TO_32_BIT_CONVERSION = YES;
				GCC_WARN_ABOUT_RETURN_TYPE = YES_ERROR;
				GCC_WARN_UNDECLARED_SELECTOR = YES;
				GCC_WARN_UNINITIALIZED_AUTOS = YES_AGGRESSIVE;
				GCC_WARN_UNUSED_FUNCTION = YES;
				GCC_WARN_UNUSED_VARIABLE = YES;
				IPHONEOS_DEPLOYMENT_TARGET = 16.0;
				MTL_ENABLE_DEBUG_INFO = NO;
				MTL_FAST_MATH = YES;
				SDKROOT = iphoneos;
				SWIFT_COMPILATION_MODE = wholemodule;
				SWIFT_OPTIMIZATION_LEVEL = "-O";
				VALIDATE_PRODUCT = YES;
			};
			name = Release;
		};
		66B4A9792984D1D80033A10D /* Debug */ = {
			isa = XCBuildConfiguration;
			buildSettings = {
				ASSETCATALOG_COMPILER_APPICON_NAME = AppIcon;
				ASSETCATALOG_COMPILER_GLOBAL_ACCENT_COLOR_NAME = AccentColor;
				CODE_SIGN_STYLE = Automatic;
				CURRENT_PROJECT_VERSION = 1;
				DEVELOPMENT_TEAM = CSK7WHSMHW;
				GENERATE_INFOPLIST_FILE = YES;
				INFOPLIST_FILE = "IT Talent/Info.plist";
				INFOPLIST_KEY_CFBundleDisplayName = "IT Talent";
				INFOPLIST_KEY_LSApplicationCategoryType = "public.app-category.social-networking";
				INFOPLIST_KEY_UIApplicationSupportsIndirectInputEvents = YES;
				INFOPLIST_KEY_UILaunchStoryboardName = LaunchScreen;
				INFOPLIST_KEY_UIMainStoryboardFile = Main;
				INFOPLIST_KEY_UISupportedInterfaceOrientations = UIInterfaceOrientationPortrait;
				IPHONEOS_DEPLOYMENT_TARGET = 14.0;
				LD_RUNPATH_SEARCH_PATHS = (
					"$(inherited)",
					"@executable_path/Frameworks",
				);
				MARKETING_VERSION = 1.0;
				PRODUCT_BUNDLE_IDENTIFIER = "mx.mauriciogs.IT-Talent";
				PRODUCT_NAME = "$(TARGET_NAME)";
				SUPPORTED_PLATFORMS = "iphoneos iphonesimulator";
				SUPPORTS_MACCATALYST = NO;
				SUPPORTS_MAC_DESIGNED_FOR_IPHONE_IPAD = NO;
				SWIFT_EMIT_LOC_STRINGS = YES;
				SWIFT_VERSION = 5.0;
				TARGETED_DEVICE_FAMILY = "1,2";
			};
			name = Debug;
		};
		66B4A97A2984D1D80033A10D /* Release */ = {
			isa = XCBuildConfiguration;
			buildSettings = {
				ASSETCATALOG_COMPILER_APPICON_NAME = AppIcon;
				ASSETCATALOG_COMPILER_GLOBAL_ACCENT_COLOR_NAME = AccentColor;
				CODE_SIGN_STYLE = Automatic;
				CURRENT_PROJECT_VERSION = 1;
				DEVELOPMENT_TEAM = CSK7WHSMHW;
				GENERATE_INFOPLIST_FILE = YES;
				INFOPLIST_FILE = "IT Talent/Info.plist";
				INFOPLIST_KEY_CFBundleDisplayName = "IT Talent";
				INFOPLIST_KEY_LSApplicationCategoryType = "public.app-category.social-networking";
				INFOPLIST_KEY_UIApplicationSupportsIndirectInputEvents = YES;
				INFOPLIST_KEY_UILaunchStoryboardName = LaunchScreen;
				INFOPLIST_KEY_UIMainStoryboardFile = Main;
				INFOPLIST_KEY_UISupportedInterfaceOrientations = UIInterfaceOrientationPortrait;
				IPHONEOS_DEPLOYMENT_TARGET = 14.0;
				LD_RUNPATH_SEARCH_PATHS = (
					"$(inherited)",
					"@executable_path/Frameworks",
				);
				MARKETING_VERSION = 1.0;
				PRODUCT_BUNDLE_IDENTIFIER = "mx.mauriciogs.IT-Talent";
				PRODUCT_NAME = "$(TARGET_NAME)";
				SUPPORTED_PLATFORMS = "iphoneos iphonesimulator";
				SUPPORTS_MACCATALYST = NO;
				SUPPORTS_MAC_DESIGNED_FOR_IPHONE_IPAD = NO;
				SWIFT_EMIT_LOC_STRINGS = YES;
				SWIFT_VERSION = 5.0;
				TARGETED_DEVICE_FAMILY = "1,2";
			};
			name = Release;
		};
/* End XCBuildConfiguration section */

/* Begin XCConfigurationList section */
		66B4A95C2984D1D70033A10D /* Build configuration list for PBXProject "IT Talent" */ = {
			isa = XCConfigurationList;
			buildConfigurations = (
				66B4A9762984D1D80033A10D /* Debug */,
				66B4A9772984D1D80033A10D /* Release */,
			);
			defaultConfigurationIsVisible = 0;
			defaultConfigurationName = Release;
		};
		66B4A9782984D1D80033A10D /* Build configuration list for PBXNativeTarget "IT Talent" */ = {
			isa = XCConfigurationList;
			buildConfigurations = (
				66B4A9792984D1D80033A10D /* Debug */,
				66B4A97A2984D1D80033A10D /* Release */,
			);
			defaultConfigurationIsVisible = 0;
			defaultConfigurationName = Release;
		};
/* End XCConfigurationList section */

/* Begin XCRemoteSwiftPackageReference section */
		668ADB3629860718006EDEC3 /* XCRemoteSwiftPackageReference "firebase-ios-sdk" */ = {
			isa = XCRemoteSwiftPackageReference;
			repositoryURL = "https://github.com/firebase/firebase-ios-sdk";
			requirement = {
				kind = upToNextMajorVersion;
				minimumVersion = 9.0.0;
			};
		};
/* End XCRemoteSwiftPackageReference section */

/* Begin XCSwiftPackageProductDependency section */
		668ADB3729860718006EDEC3 /* FirebaseAnalytics */ = {
			isa = XCSwiftPackageProductDependency;
			package = 668ADB3629860718006EDEC3 /* XCRemoteSwiftPackageReference "firebase-ios-sdk" */;
			productName = FirebaseAnalytics;
		};
		668ADB3929860718006EDEC3 /* FirebaseAnalyticsSwift */ = {
			isa = XCSwiftPackageProductDependency;
			package = 668ADB3629860718006EDEC3 /* XCRemoteSwiftPackageReference "firebase-ios-sdk" */;
			productName = FirebaseAnalyticsSwift;
		};
		668ADB3B29860718006EDEC3 /* FirebaseAppCheck */ = {
			isa = XCSwiftPackageProductDependency;
			package = 668ADB3629860718006EDEC3 /* XCRemoteSwiftPackageReference "firebase-ios-sdk" */;
			productName = FirebaseAppCheck;
		};
		668ADB3D29860718006EDEC3 /* FirebaseAuth */ = {
			isa = XCSwiftPackageProductDependency;
			package = 668ADB3629860718006EDEC3 /* XCRemoteSwiftPackageReference "firebase-ios-sdk" */;
			productName = FirebaseAuth;
		};
		668ADB3F29860718006EDEC3 /* FirebaseAuthCombine-Community */ = {
			isa = XCSwiftPackageProductDependency;
			package = 668ADB3629860718006EDEC3 /* XCRemoteSwiftPackageReference "firebase-ios-sdk" */;
			productName = "FirebaseAuthCombine-Community";
		};
		668ADB4129860718006EDEC3 /* FirebaseCrashlytics */ = {
			isa = XCSwiftPackageProductDependency;
			package = 668ADB3629860718006EDEC3 /* XCRemoteSwiftPackageReference "firebase-ios-sdk" */;
			productName = FirebaseCrashlytics;
		};
		668ADB4329860718006EDEC3 /* FirebaseFirestore */ = {
			isa = XCSwiftPackageProductDependency;
			package = 668ADB3629860718006EDEC3 /* XCRemoteSwiftPackageReference "firebase-ios-sdk" */;
			productName = FirebaseFirestore;
		};
		668ADB4529860718006EDEC3 /* FirebaseFirestoreCombine-Community */ = {
			isa = XCSwiftPackageProductDependency;
			package = 668ADB3629860718006EDEC3 /* XCRemoteSwiftPackageReference "firebase-ios-sdk" */;
			productName = "FirebaseFirestoreCombine-Community";
		};
		668ADB4729860718006EDEC3 /* FirebaseFirestoreSwift */ = {
			isa = XCSwiftPackageProductDependency;
			package = 668ADB3629860718006EDEC3 /* XCRemoteSwiftPackageReference "firebase-ios-sdk" */;
			productName = FirebaseFirestoreSwift;
		};
		668ADB4929860718006EDEC3 /* FirebaseStorage */ = {
			isa = XCSwiftPackageProductDependency;
			package = 668ADB3629860718006EDEC3 /* XCRemoteSwiftPackageReference "firebase-ios-sdk" */;
			productName = FirebaseStorage;
		};
		668ADB4B29860718006EDEC3 /* FirebaseStorageCombine-Community */ = {
			isa = XCSwiftPackageProductDependency;
			package = 668ADB3629860718006EDEC3 /* XCRemoteSwiftPackageReference "firebase-ios-sdk" */;
			productName = "FirebaseStorageCombine-Community";
		};
/* End XCSwiftPackageProductDependency section */

/* Begin XCVersionGroup section */
		668CAC5A2988D07F00EA8DE6 /* IT_Talent.xcdatamodeld */ = {
			isa = XCVersionGroup;
			children = (
				668CAC5B2988D07F00EA8DE6 /* IT_Talent.xcdatamodel */,
			);
			currentVersion = 668CAC5B2988D07F00EA8DE6 /* IT_Talent.xcdatamodel */;
			path = IT_Talent.xcdatamodeld;
			sourceTree = "<group>";
			versionGroupType = wrapper.xcdatamodel;
		};
/* End XCVersionGroup section */
	};
	rootObject = 66B4A9592984D1D70033A10D /* Project object */;
}
